
Microsoft Visual Studio Solution File, Format Version 12.00
# Visual Studio Version 17
VisualStudioVersion = 17.7.34221.43
MinimumVisualStudioVersion = 10.0.40219.1
Project("{FAE04EC0-301F-11D3-BF4B-00C04F79EFBC}") = "MergeLabs.CsvManager.Console", "MergeLabs.CsvManager.Console\MergeLabs.CsvManager.Console.csproj", "{390D7E65-629F-43A6-95DD-7762C9C43185}"
EndProject
Global
	GlobalSection(SolutionConfigurationPlatforms) = preSolution
		Debug|Any CPU = Debug|Any CPU
		Release|Any CPU = Release|Any CPU
	EndGlobalSection
	GlobalSection(ProjectConfigurationPlatforms) = postSolution
		{390D7E65-629F-43A6-95DD-7762C9C43185}.Debug|Any CPU.ActiveCfg = Debug|Any CPU
		{390D7E65-629F-43A6-95DD-7762C9C43185}.Debug|Any CPU.Build.0 = Debug|Any CPU
		{390D7E65-629F-43A6-95DD-7762C9C43185}.Release|Any CPU.ActiveCfg = Release|Any CPU
		{390D7E65-629F-43A6-95DD-7762C9C43185}.Release|Any CPU.Build.0 = Release|Any CPU
	EndGlobalSection
	GlobalSection(SolutionProperties) = preSolution
		HideSolutionNode = FALSE
	EndGlobalSection
	GlobalSection(ExtensibilityGlobals) = postSolution
		SolutionGuid = {080FAE97-1CE8-4B83-8D61-A5397D70D316}
	EndGlobalSection
EndGlobal
